// !$*UTF8*$!
{
	archiveVersion = 1;
	classes = {
	};
	objectVersion = 77;
	objects = {

/* Begin PBXContainerItemProxy section */
		2927A2892CB47A3100DDBE9F /* PBXContainerItemProxy */ = {
			isa = PBXContainerItemProxy;
			containerPortal = 2927A2702CB47A3000DDBE9F /* Project object */;
			proxyType = 1;
			remoteGlobalIDString = 2927A2772CB47A3000DDBE9F;
			remoteInfo = "Flight Radar V1";
		};
		2927A2932CB47A3100DDBE9F /* PBXContainerItemProxy */ = {
			isa = PBXContainerItemProxy;
			containerPortal = 2927A2702CB47A3000DDBE9F /* Project object */;
			proxyType = 1;
			remoteGlobalIDString = 2927A2772CB47A3000DDBE9F;
			remoteInfo = "Flight Radar V1";
		};
/* End PBXContainerItemProxy section */

/* Begin PBXFileReference section */
		2927A2782CB47A3000DDBE9F /* Flight Radar V1.app */ = {isa = PBXFileReference; explicitFileType = wrapper.application; includeInIndex = 0; path = "Flight Radar V1.app"; sourceTree = BUILT_PRODUCTS_DIR; };
		2927A2882CB47A3100DDBE9F /* Flight Radar V1Tests.xctest */ = {isa = PBXFileReference; explicitFileType = wrapper.cfbundle; includeInIndex = 0; path = "Flight Radar V1Tests.xctest"; sourceTree = BUILT_PRODUCTS_DIR; };
		2927A2922CB47A3100DDBE9F /* Flight Radar V1UITests.xctest */ = {isa = PBXFileReference; explicitFileType = wrapper.cfbundle; includeInIndex = 0; path = "Flight Radar V1UITests.xctest"; sourceTree = BUILT_PRODUCTS_DIR; };
/* End PBXFileReference section */

/* Begin PBXFileSystemSynchronizedRootGroup section */
		2927A27A2CB47A3000DDBE9F /* Flight Radar V1 */ = {
			isa = PBXFileSystemSynchronizedRootGroup;
			path = "Flight Radar V1";
			sourceTree = "<group>";
		};
		2927A28B2CB47A3100DDBE9F /* Flight Radar V1Tests */ = {
			isa = PBXFileSystemSynchronizedRootGroup;
			path = "Flight Radar V1Tests";
			sourceTree = "<group>";
		};
		2927A2952CB47A3100DDBE9F /* Flight Radar V1UITests */ = {
			isa = PBXFileSystemSynchronizedRootGroup;
			path = "Flight Radar V1UITests";
			sourceTree = "<group>";
		};
/* End PBXFileSystemSynchronizedRootGroup section */

/* Begin PBXFrameworksBuildPhase section */
		2927A2752CB47A3000DDBE9F /* Frameworks */ = {
			isa = PBXFrameworksBuildPhase;
			buildActionMask = 2147483647;
			files = (
			);
			runOnlyForDeploymentPostprocessing = 0;
		};
		2927A2852CB47A3100DDBE9F /* Frameworks */ = {
			isa = PBXFrameworksBuildPhase;
			buildActionMask = 2147483647;
			files = (
			);
			runOnlyForDeploymentPostprocessing = 0;
		};
		2927A28F2CB47A3100DDBE9F /* Frameworks */ = {
			isa = PBXFrameworksBuildPhase;
			buildActionMask = 2147483647;
			files = (
			);
			runOnlyForDeploymentPostprocessing = 0;
		};
/* End PBXFrameworksBuildPhase section */

/* Begin PBXGroup section */
		2927A26F2CB47A3000DDBE9F = {
			isa = PBXGroup;
			children = (
				2927A27A2CB47A3000DDBE9F /* Flight Radar V1 */,
				2927A28B2CB47A3100DDBE9F /* Flight Radar V1Tests */,
				2927A2952CB47A3100DDBE9F /* Flight Radar V1UITests */,
				2927A2792CB47A3000DDBE9F /* Products */,
			);
			sourceTree = "<group>";
		};
		2927A2792CB47A3000DDBE9F /* Products */ = {
			isa = PBXGroup;
			children = (
				2927A2782CB47A3000DDBE9F /* Flight Radar V1.app */,
				2927A2882CB47A3100DDBE9F /* Flight Radar V1Tests.xctest */,
				2927A2922CB47A3100DDBE9F /* Flight Radar V1UITests.xctest */,
			);
			name = Products;
			sourceTree = "<group>";
		};
/* End PBXGroup section */

/* Begin PBXNativeTarget section */
		2927A2772CB47A3000DDBE9F /* Flight Radar V1 */ = {
			isa = PBXNativeTarget;
			buildConfigurationList = 2927A29C2CB47A3100DDBE9F /* Build configuration list for PBXNativeTarget "Flight Radar V1" */;
			buildPhases = (
				2927A2742CB47A3000DDBE9F /* Sources */,
				2927A2752CB47A3000DDBE9F /* Frameworks */,
				2927A2762CB47A3000DDBE9F /* Resources */,
			);
			buildRules = (
			);
			dependencies = (
			);
			fileSystemSynchronizedGroups = (
				2927A27A2CB47A3000DDBE9F /* Flight Radar V1 */,
			);
			name = "Flight Radar V1";
			packageProductDependencies = (
			);
			productName = "Flight Radar V1";
			productReference = 2927A2782CB47A3000DDBE9F /* Flight Radar V1.app */;
			productType = "com.apple.product-type.application";
		};
		2927A2872CB47A3100DDBE9F /* Flight Radar V1Tests */ = {
			isa = PBXNativeTarget;
			buildConfigurationList = 2927A29F2CB47A3100DDBE9F /* Build configuration list for PBXNativeTarget "Flight Radar V1Tests" */;
			buildPhases = (
				2927A2842CB47A3100DDBE9F /* Sources */,
				2927A2852CB47A3100DDBE9F /* Frameworks */,
				2927A2862CB47A3100DDBE9F /* Resources */,
			);
			buildRules = (
			);
			dependencies = (
				2927A28A2CB47A3100DDBE9F /* PBXTargetDependency */,
			);
			fileSystemSynchronizedGroups = (
				2927A28B2CB47A3100DDBE9F /* Flight Radar V1Tests */,
			);
			name = "Flight Radar V1Tests";
			packageProductDependencies = (
			);
			productName = "Flight Radar V1Tests";
			productReference = 2927A2882CB47A3100DDBE9F /* Flight Radar V1Tests.xctest */;
			productType = "com.apple.product-type.bundle.unit-test";
		};
		2927A2912CB47A3100DDBE9F /* Flight Radar V1UITests */ = {
			isa = PBXNativeTarget;
			buildConfigurationList = 2927A2A22CB47A3100DDBE9F /* Build configuration list for PBXNativeTarget "Flight Radar V1UITests" */;
			buildPhases = (
				2927A28E2CB47A3100DDBE9F /* Sources */,
				2927A28F2CB47A3100DDBE9F /* Frameworks */,
				2927A2902CB47A3100DDBE9F /* Resources */,
			);
			buildRules = (
			);
			dependencies = (
				2927A2942CB47A3100DDBE9F /* PBXTargetDependency */,
			);
			fileSystemSynchronizedGroups = (
				2927A2952CB47A3100DDBE9F /* Flight Radar V1UITests */,
			);
			name = "Flight Radar V1UITests";
			packageProductDependencies = (
			);
			productName = "Flight Radar V1UITests";
			productReference = 2927A2922CB47A3100DDBE9F /* Flight Radar V1UITests.xctest */;
			productType = "com.apple.product-type.bundle.ui-testing";
		};
/* End PBXNativeTarget section */

/* Begin PBXProject section */
		2927A2702CB47A3000DDBE9F /* Project object */ = {
			isa = PBXProject;
			attributes = {
				BuildIndependentTargetsInParallel = 1;
				LastSwiftUpdateCheck = 1600;
				LastUpgradeCheck = 1600;
				TargetAttributes = {
					2927A2772CB47A3000DDBE9F = {
						CreatedOnToolsVersion = 16.0;
					};
					2927A2872CB47A3100DDBE9F = {
						CreatedOnToolsVersion = 16.0;
						TestTargetID = 2927A2772CB47A3000DDBE9F;
					};
					2927A2912CB47A3100DDBE9F = {
						CreatedOnToolsVersion = 16.0;
						TestTargetID = 2927A2772CB47A3000DDBE9F;
					};
				};
			};
			buildConfigurationList = 2927A2732CB47A3000DDBE9F /* Build configuration list for PBXProject "Flight Radar V1" */;
			developmentRegion = en;
			hasScannedForEncodings = 0;
			knownRegions = (
				en,
				Base,
			);
			mainGroup = 2927A26F2CB47A3000DDBE9F;
			minimizedProjectReferenceProxies = 1;
			preferredProjectObjectVersion = 77;
			productRefGroup = 2927A2792CB47A3000DDBE9F /* Products */;
			projectDirPath = "";
			projectRoot = "";
			targets = (
				2927A2772CB47A3000DDBE9F /* Flight Radar V1 */,
				2927A2872CB47A3100DDBE9F /* Flight Radar V1Tests */,
				2927A2912CB47A3100DDBE9F /* Flight Radar V1UITests */,
			);
		};
/* End PBXProject section */

/* Begin PBXResourcesBuildPhase section */
		2927A2762CB47A3000DDBE9F /* Resources */ = {
			isa = PBXResourcesBuildPhase;
			buildActionMask = 2147483647;
			files = (
			);
			runOnlyForDeploymentPostprocessing = 0;
		};
		2927A2862CB47A3100DDBE9F /* Resources */ = {
			isa = PBXResourcesBuildPhase;
			buildActionMask = 2147483647;
			files = (
			);
			runOnlyForDeploymentPostprocessing = 0;
		};
		2927A2902CB47A3100DDBE9F /* Resources */ = {
			isa = PBXResourcesBuildPhase;
			buildActionMask = 2147483647;
			files = (
			);
			runOnlyForDeploymentPostprocessing = 0;
		};
/* End PBXResourcesBuildPhase section */

/* Begin PBXSourcesBuildPhase section */
		2927A2742CB47A3000DDBE9F /* Sources */ = {
			isa = PBXSourcesBuildPhase;
			buildActionMask = 2147483647;
			files = (
			);
			runOnlyForDeploymentPostprocessing = 0;
		};
		2927A2842CB47A3100DDBE9F /* Sources */ = {
			isa = PBXSourcesBuildPhase;
			buildActionMask = 2147483647;
			files = (
			);
			runOnlyForDeploymentPostprocessing = 0;
		};
		2927A28E2CB47A3100DDBE9F /* Sources */ = {
			isa = PBXSourcesBuildPhase;
			buildActionMask = 2147483647;
			files = (
			);
			runOnlyForDeploymentPostprocessing = 0;
		};
/* End PBXSourcesBuildPhase section */

/* Begin PBXTargetDependency section */
		2927A28A2CB47A3100DDBE9F /* PBXTargetDependency */ = {
			isa = PBXTargetDependency;
			target = 2927A2772CB47A3000DDBE9F /* Flight Radar V1 */;
			targetProxy = 2927A2892CB47A3100DDBE9F /* PBXContainerItemProxy */;
		};
		2927A2942CB47A3100DDBE9F /* PBXTargetDependency */ = {
			isa = PBXTargetDependency;
			target = 2927A2772CB47A3000DDBE9F /* Flight Radar V1 */;
			targetProxy = 2927A2932CB47A3100DDBE9F /* PBXContainerItemProxy */;
		};
/* End PBXTargetDependency section */

/* Begin XCBuildConfiguration section */
		2927A29A2CB47A3100DDBE9F /* Debug */ = {
			isa = XCBuildConfiguration;
			buildSettings = {
				ALWAYS_SEARCH_USER_PATHS = NO;
				ASSETCATALOG_COMPILER_GENERATE_SWIFT_ASSET_SYMBOL_EXTENSIONS = YES;
				CLANG_ANALYZER_NONNULL = YES;
				CLANG_ANALYZER_NUMBER_OBJECT_CONVERSION = YES_AGGRESSIVE;
				CLANG_CXX_LANGUAGE_STANDARD = "gnu++20";
				CLANG_ENABLE_MODULES = YES;
				CLANG_ENABLE_OBJC_ARC = YES;
				CLANG_ENABLE_OBJC_WEAK = YES;
				CLANG_WARN_BLOCK_CAPTURE_AUTORELEASING = YES;
				CLANG_WARN_BOOL_CONVERSION = YES;
				CLANG_WARN_COMMA = YES;
				CLANG_WARN_CONSTANT_CONVERSION = YES;
				CLANG_WARN_DEPRECATED_OBJC_IMPLEMENTATIONS = YES;
				CLANG_WARN_DIRECT_OBJC_ISA_USAGE = YES_ERROR;
				CLANG_WARN_DOCUMENTATION_COMMENTS = YES;
				CLANG_WARN_EMPTY_BODY = YES;
				CLANG_WARN_ENUM_CONVERSION = YES;
				CLANG_WARN_INFINITE_RECURSION = YES;
				CLANG_WARN_INT_CONVERSION = YES;
				CLANG_WARN_NON_LITERAL_NULL_CONVERSION = YES;
				CLANG_WARN_OBJC_IMPLICIT_RETAIN_SELF = YES;
				CLANG_WARN_OBJC_LITERAL_CONVERSION = YES;
				CLANG_WARN_OBJC_ROOT_CLASS = YES_ERROR;
				CLANG_WARN_QUOTED_INCLUDE_IN_FRAMEWORK_HEADER = YES;
				CLANG_WARN_RANGE_LOOP_ANALYSIS = YES;
				CLANG_WARN_STRICT_PROTOTYPES = YES;
				CLANG_WARN_SUSPICIOUS_MOVE = YES;
				CLANG_WARN_UNGUARDED_AVAILABILITY = YES_AGGRESSIVE;
				CLANG_WARN_UNREACHABLE_CODE = YES;
				CLANG_WARN__DUPLICATE_METHOD_MATCH = YES;
				COPY_PHASE_STRIP = NO;
				DEBUG_INFORMATION_FORMAT = dwarf;
				ENABLE_STRICT_OBJC_MSGSEND = YES;
				ENABLE_TESTABILITY = YES;
				ENABLE_USER_SCRIPT_SANDBOXING = YES;
				GCC_C_LANGUAGE_STANDARD = gnu17;
				GCC_DYNAMIC_NO_PIC = NO;
				GCC_NO_COMMON_BLOCKS = YES;
				GCC_OPTIMIZATION_LEVEL = 0;
				GCC_PREPROCESSOR_DEFINITIONS = (
					"DEBUG=1",
					"$(inherited)",
				);
				GCC_WARN_64_TO_32_BIT_CONVERSION = YES;
				GCC_WARN_ABOUT_RETURN_TYPE = YES_ERROR;
				GCC_WARN_UNDECLARED_SELECTOR = YES;
				GCC_WARN_UNINITIALIZED_AUTOS = YES_AGGRESSIVE;
				GCC_WARN_UNUSED_FUNCTION = YES;
				GCC_WARN_UNUSED_VARIABLE = YES;
				IPHONEOS_DEPLOYMENT_TARGET = 18.0;
				LOCALIZATION_PREFERS_STRING_CATALOGS = YES;
				MTL_ENABLE_DEBUG_INFO = INCLUDE_SOURCE;
				MTL_FAST_MATH = YES;
				ONLY_ACTIVE_ARCH = YES;
				SDKROOT = iphoneos;
				SWIFT_ACTIVE_COMPILATION_CONDITIONS = "DEBUG $(inherited)";
				SWIFT_OPTIMIZATION_LEVEL = "-Onone";
			};
			name = Debug;
		};
		2927A29B2CB47A3100DDBE9F /* Release */ = {
			isa = XCBuildConfiguration;
			buildSettings = {
				ALWAYS_SEARCH_USER_PATHS = NO;
				ASSETCATALOG_COMPILER_GENERATE_SWIFT_ASSET_SYMBOL_EXTENSIONS = YES;
				CLANG_ANALYZER_NONNULL = YES;
				CLANG_ANALYZER_NUMBER_OBJECT_CONVERSION = YES_AGGRESSIVE;
				CLANG_CXX_LANGUAGE_STANDARD = "gnu++20";
				CLANG_ENABLE_MODULES = YES;
				CLANG_ENABLE_OBJC_ARC = YES;
				CLANG_ENABLE_OBJC_WEAK = YES;
				CLANG_WARN_BLOCK_CAPTURE_AUTORELEASING = YES;
				CLANG_WARN_BOOL_CONVERSION = YES;
				CLANG_WARN_COMMA = YES;
				CLANG_WARN_CONSTANT_CONVERSION = YES;
				CLANG_WARN_DEPRECATED_OBJC_IMPLEMENTATIONS = YES;
				CLANG_WARN_DIRECT_OBJC_ISA_USAGE = YES_ERROR;
				CLANG_WARN_DOCUMENTATION_COMMENTS = YES;
				CLANG_WARN_EMPTY_BODY = YES;
				CLANG_WARN_ENUM_CONVERSION = YES;
				CLANG_WARN_INFINITE_RECURSION = YES;
				CLANG_WARN_INT_CONVERSION = YES;
				CLANG_WARN_NON_LITERAL_NULL_CONVERSION = YES;
				CLANG_WARN_OBJC_IMPLICIT_RETAIN_SELF = YES;
				CLANG_WARN_OBJC_LITERAL_CONVERSION = YES;
				CLANG_WARN_OBJC_ROOT_CLASS = YES_ERROR;
				CLANG_WARN_QUOTED_INCLUDE_IN_FRAMEWORK_HEADER = YES;
				CLANG_WARN_RANGE_LOOP_ANALYSIS = YES;
				CLANG_WARN_STRICT_PROTOTYPES = YES;
				CLANG_WARN_SUSPICIOUS_MOVE = YES;
				CLANG_WARN_UNGUARDED_AVAILABILITY = YES_AGGRESSIVE;
				CLANG_WARN_UNREACHABLE_CODE = YES;
				CLANG_WARN__DUPLICATE_METHOD_MATCH = YES;
				COPY_PHASE_STRIP = NO;
				DEBUG_INFORMATION_FORMAT = "dwarf-with-dsym";
				ENABLE_NS_ASSERTIONS = NO;
				ENABLE_STRICT_OBJC_MSGSEND = YES;
				ENABLE_USER_SCRIPT_SANDBOXING = YES;
				GCC_C_LANGUAGE_STANDARD = gnu17;
				GCC_NO_COMMON_BLOCKS = YES;
				GCC_WARN_64_TO_32_BIT_CONVERSION = YES;
				GCC_WARN_ABOUT_RETURN_TYPE = YES_ERROR;
				GCC_WARN_UNDECLARED_SELECTOR = YES;
				GCC_WARN_UNINITIALIZED_AUTOS = YES_AGGRESSIVE;
				GCC_WARN_UNUSED_FUNCTION = YES;
				GCC_WARN_UNUSED_VARIABLE = YES;
				IPHONEOS_DEPLOYMENT_TARGET = 18.0;
				LOCALIZATION_PREFERS_STRING_CATALOGS = YES;
				MTL_ENABLE_DEBUG_INFO = NO;
				MTL_FAST_MATH = YES;
				SDKROOT = iphoneos;
				SWIFT_COMPILATION_MODE = wholemodule;
				VALIDATE_PRODUCT = YES;
			};
			name = Release;
		};
		2927A29D2CB47A3100DDBE9F /* Debug */ = {
			isa = XCBuildConfiguration;
			buildSettings = {
				ASSETCATALOG_COMPILER_APPICON_NAME = AppIcon;
				ASSETCATALOG_COMPILER_GLOBAL_ACCENT_COLOR_NAME = AccentColor;
				CODE_SIGN_STYLE = Automatic;
				CURRENT_PROJECT_VERSION = 1;
				DEVELOPMENT_ASSET_PATHS = "\"Flight Radar V1/Preview Content\"";
				ENABLE_PREVIEWS = YES;
				GENERATE_INFOPLIST_FILE = YES;
				INFOPLIST_KEY_UIApplicationSceneManifest_Generation = YES;
				INFOPLIST_KEY_UIApplicationSupportsIndirectInputEvents = YES;
				INFOPLIST_KEY_UILaunchScreen_Generation = YES;
				INFOPLIST_KEY_UISupportedInterfaceOrientations_iPad = "UIInterfaceOrientationPortrait UIInterfaceOrientationPortraitUpsideDown UIInterfaceOrientationLandscapeLeft UIInterfaceOrientationLandscapeRight";
				INFOPLIST_KEY_UISupportedInterfaceOrientations_iPhone = "UIInterfaceOrientationPortrait UIInterfaceOrientationLandscapeLeft UIInterfaceOrientationLandscapeRight";
				LD_RUNPATH_SEARCH_PATHS = (
					"$(inherited)",
					"@executable_path/Frameworks",
				);
				MARKETING_VERSION = 1.0;
				PRODUCT_BUNDLE_IDENTIFIER = "com.franciscutti.Flight-Radar-V1";
				PRODUCT_NAME = "$(TARGET_NAME)";
				SWIFT_EMIT_LOC_STRINGS = YES;
				SWIFT_VERSION = 5.0;
				TARGETED_DEVICE_FAMILY = "1,2";
			};
			name = Debug;
		};
		2927A29E2CB47A3100DDBE9F /* Release */ = {
			isa = XCBuildConfiguration;
			buildSettings = {
				ASSETCATALOG_COMPILER_APPICON_NAME = AppIcon;
				ASSETCATALOG_COMPILER_GLOBAL_ACCENT_COLOR_NAME = AccentColor;
				CODE_SIGN_STYLE = Automatic;
				CURRENT_PROJECT_VERSION = 1;
				DEVELOPMENT_ASSET_PATHS = "\"Flight Radar V1/Preview Content\"";
				ENABLE_PREVIEWS = YES;
				GENERATE_INFOPLIST_FILE = YES;
				INFOPLIST_KEY_UIApplicationSceneManifest_Generation = YES;
				INFOPLIST_KEY_UIApplicationSupportsIndirectInputEvents = YES;
				INFOPLIST_KEY_UILaunchScreen_Generation = YES;
				INFOPLIST_KEY_UISupportedInterfaceOrientations_iPad = "UIInterfaceOrientationPortrait UIInterfaceOrientationPortraitUpsideDown UIInterfaceOrientationLandscapeLeft UIInterfaceOrientationLandscapeRight";
				INFOPLIST_KEY_UISupportedInterfaceOrientations_iPhone = "UIInterfaceOrientationPortrait UIInterfaceOrientationLandscapeLeft UIInterfaceOrientationLandscapeRight";
				LD_RUNPATH_SEARCH_PATHS = (
					"$(inherited)",
					"@executable_path/Frameworks",
				);
				MARKETING_VERSION = 1.0;
				PRODUCT_BUNDLE_IDENTIFIER = "com.franciscutti.Flight-Radar-V1";
				PRODUCT_NAME = "$(TARGET_NAME)";
				SWIFT_EMIT_LOC_STRINGS = YES;
				SWIFT_VERSION = 5.0;
				TARGETED_DEVICE_FAMILY = "1,2";
			};
			name = Release;
		};
		2927A2A02CB47A3100DDBE9F /* Debug */ = {
			isa = XCBuildConfiguration;
			buildSettings = {
				BUNDLE_LOADER = "$(TEST_HOST)";
				CODE_SIGN_STYLE = Automatic;
				CURRENT_PROJECT_VERSION = 1;
				GENERATE_INFOPLIST_FILE = YES;
				IPHONEOS_DEPLOYMENT_TARGET = 18.0;
				MARKETING_VERSION = 1.0;
				PRODUCT_BUNDLE_IDENTIFIER = "com.franciscutti.Flight-Radar-V1Tests";
				PRODUCT_NAME = "$(TARGET_NAME)";
				SWIFT_EMIT_LOC_STRINGS = NO;
				SWIFT_VERSION = 5.0;
				TARGETED_DEVICE_FAMILY = "1,2";
				TEST_HOST = "$(BUILT_PRODUCTS_DIR)/Flight Radar V1.app/$(BUNDLE_EXECUTABLE_FOLDER_PATH)/Flight Radar V1";
			};
			name = Debug;
		};
		2927A2A12CB47A3100DDBE9F /* Release */ = {
			isa = XCBuildConfiguration;
			buildSettings = {
				BUNDLE_LOADER = "$(TEST_HOST)";
				CODE_SIGN_STYLE = Automatic;
				CURRENT_PROJECT_VERSION = 1;
				GENERATE_INFOPLIST_FILE = YES;
				IPHONEOS_DEPLOYMENT_TARGET = 18.0;
				MARKETING_VERSION = 1.0;
				PRODUCT_BUNDLE_IDENTIFIER = "com.franciscutti.Flight-Radar-V1Tests";
				PRODUCT_NAME = "$(TARGET_NAME)";
				SWIFT_EMIT_LOC_STRINGS = NO;
				SWIFT_VERSION = 5.0;
				TARGETED_DEVICE_FAMILY = "1,2";
				TEST_HOST = "$(BUILT_PRODUCTS_DIR)/Flight Radar V1.app/$(BUNDLE_EXECUTABLE_FOLDER_PATH)/Flight Radar V1";
			};
			name = Release;
		};
		2927A2A32CB47A3100DDBE9F /* Debug */ = {
			isa = XCBuildConfiguration;
			buildSettings = {
				CODE_SIGN_STYLE = Automatic;
				CURRENT_PROJECT_VERSION = 1;
				GENERATE_INFOPLIST_FILE = YES;
				MARKETING_VERSION = 1.0;
				PRODUCT_BUNDLE_IDENTIFIER = "com.franciscutti.Flight-Radar-V1UITests";
				PRODUCT_NAME = "$(TARGET_NAME)";
				SWIFT_EMIT_LOC_STRINGS = NO;
				SWIFT_VERSION = 5.0;
				TARGETED_DEVICE_FAMILY = "1,2";
				TEST_TARGET_NAME = "Flight Radar V1";
			};
			name = Debug;
		};
		2927A2A42CB47A3100DDBE9F /* Release */ = {
			isa = XCBuildConfiguration;
			buildSettings = {
				CODE_SIGN_STYLE = Automatic;
				CURRENT_PROJECT_VERSION = 1;
				GENERATE_INFOPLIST_FILE = YES;
				MARKETING_VERSION = 1.0;
				PRODUCT_BUNDLE_IDENTIFIER = "com.franciscutti.Flight-Radar-V1UITests";
				PRODUCT_NAME = "$(TARGET_NAME)";
				SWIFT_EMIT_LOC_STRINGS = NO;
				SWIFT_VERSION = 5.0;
				TARGETED_DEVICE_FAMILY = "1,2";
				TEST_TARGET_NAME = "Flight Radar V1";
			};
			name = Release;
		};
/* End XCBuildConfiguration section */

/* Begin XCConfigurationList section */
		2927A2732CB47A3000DDBE9F /* Build configuration list for PBXProject "Flight Radar V1" */ = {
			isa = XCConfigurationList;
			buildConfigurations = (
				2927A29A2CB47A3100DDBE9F /* Debug */,
				2927A29B2CB47A3100DDBE9F /* Release */,
			);
			defaultConfigurationIsVisible = 0;
			defaultConfigurationName = Release;
		};
		2927A29C2CB47A3100DDBE9F /* Build configuration list for PBXNativeTarget "Flight Radar V1" */ = {
			isa = XCConfigurationList;
			buildConfigurations = (
				2927A29D2CB47A3100DDBE9F /* Debug */,
				2927A29E2CB47A3100DDBE9F /* Release */,
			);
			defaultConfigurationIsVisible = 0;
			defaultConfigurationName = Release;
		};
		2927A29F2CB47A3100DDBE9F /* Build configuration list for PBXNativeTarget "Flight Radar V1Tests" */ = {
			isa = XCConfigurationList;
			buildConfigurations = (
				2927A2A02CB47A3100DDBE9F /* Debug */,
				2927A2A12CB47A3100DDBE9F /* Release */,
			);
			defaultConfigurationIsVisible = 0;
			defaultConfigurationName = Release;
		};
		2927A2A22CB47A3100DDBE9F /* Build configuration list for PBXNativeTarget "Flight Radar V1UITests" */ = {
			isa = XCConfigurationList;
			buildConfigurations = (
				2927A2A32CB47A3100DDBE9F /* Debug */,
				2927A2A42CB47A3100DDBE9F /* Release */,
			);
			defaultConfigurationIsVisible = 0;
			defaultConfigurationName = Release;
		};
/* End XCConfigurationList section */
	};
	rootObject = 2927A2702CB47A3000DDBE9F /* Project object */;
}
